
Microsoft Visual Studio Solution File, Format Version 12.00
# Visual Studio Version 17
VisualStudioVersion = 17.14.36203.30 d17.14
MinimumVisualStudioVersion = 10.0.40219.1
Project("{FAE04EC0-301F-11D3-BF4B-00C04F79EFBC}") = "demoCRUD", "demoCRUD.csproj", "{5E7605A0-F876-4812-99A4-48B7D854E916}"
EndProject
Global
	GlobalSection(SolutionConfigurationPlatforms) = preSolution
		Debug|Any CPU = Debug|Any CPU
		Release|Any CPU = Release|Any CPU
	EndGlobalSection
	GlobalSection(ProjectConfigurationPlatforms) = postSolution
		{5E7605A0-F876-4812-99A4-48B7D854E916}.Debug|Any CPU.ActiveCfg = Debug|Any CPU
		{5E7605A0-F876-4812-99A4-48B7D854E916}.Debug|Any CPU.Build.0 = Debug|Any CPU
		{5E7605A0-F876-4812-99A4-48B7D854E916}.Release|Any CPU.ActiveCfg = Release|Any CPU
		{5E7605A0-F876-4812-99A4-48B7D854E916}.Release|Any CPU.Build.0 = Release|Any CPU
	EndGlobalSection
	GlobalSection(SolutionProperties) = preSolution
		HideSolutionNode = FALSE
	EndGlobalSection
	GlobalSection(ExtensibilityGlobals) = postSolution
		SolutionGuid = {151F263A-6BF2-417A-8679-4FE9480D5D87}
	EndGlobalSection
EndGlobal
